{
    "version": 3,
    "terraform_version": "0.11.7",
    "serial": 6,
    "lineage": "ce6e8347-9a89-6078-b8aa-f4584f202eae",
    "modules": [
        {
            "path": [
                "root"
            ],
            "outputs": {},
            "resources": {
                "digitalocean_droplet.node0": {
                    "type": "digitalocean_droplet",
                    "depends_on": [
                        "digitalocean_tag.consul"
                    ],
                    "primary": {
                        "id": "100778670",
                        "attributes": {
                            "disk": "20",
                            "id": "100778670",
                            "image": "centos-7-x64",
                            "ipv4_address": "209.97.136.189",
                            "locked": "false",
                            "name": "node0",
                            "price_hourly": "0.00744",
                            "price_monthly": "5",
                            "region": "lon1",
                            "resize_disk": "true",
                            "size": "512mb",
                            "ssh_keys.#": "1",
                            "ssh_keys.0": "20167863",
                            "status": "active",
                            "tags.#": "1",
                            "tags.0": "consul",
                            "vcpus": "1"
                        },
                        "meta": {},
                        "tainted": false
                    },
                    "deposed": [],
                    "provider": "provider.digitalocean"
                },
                "digitalocean_tag.consul": {
                    "type": "digitalocean_tag",
                    "depends_on": [],
                    "primary": {
                        "id": "consul",
                        "attributes": {
                            "id": "consul",
                            "name": "consul"
                        },
                        "meta": {},
                        "tainted": false
                    },
                    "deposed": [],
                    "provider": "provider.digitalocean"
                }
            },
            "depends_on": []
        }
    ]
}
