{
    "version": 3,
    "terraform_version": "0.11.7",
    "serial": 6,
    "lineage": "5b6c8507-3f56-470d-c730-9fc29693697c",
    "modules": [
        {
            "path": [
                "root"
            ],
            "outputs": {},
            "resources": {
                "digitalocean_droplet.node0": {
                    "type": "digitalocean_droplet",
                    "depends_on": [
                        "digitalocean_tag.consul"
                    ],
                    "primary": {
                        "id": "100853342",
                        "attributes": {
                            "disk": "30",
                            "id": "100853342",
                            "image": "centos-7-x64",
                            "ipv4_address": "209.97.136.178",
                            "ipv4_address_private": "10.131.81.53",
                            "locked": "false",
                            "name": "node0",
                            "price_hourly": "0.01488",
                            "price_monthly": "10",
                            "private_networking": "true",
                            "region": "lon1",
                            "resize_disk": "true",
                            "size": "1gb",
                            "ssh_keys.#": "1",
                            "ssh_keys.0": "20167863",
                            "status": "active",
                            "tags.#": "1",
                            "tags.0": "consul",
                            "vcpus": "1"
                        },
                        "meta": {},
                        "tainted": false
                    },
                    "deposed": [],
                    "provider": "provider.digitalocean"
                },
                "digitalocean_droplet.node1": {
                    "type": "digitalocean_droplet",
                    "depends_on": [
                        "digitalocean_tag.consul"
                    ],
                    "primary": {
                        "id": "100853341",
                        "attributes": {
                            "disk": "30",
                            "id": "100853341",
                            "image": "centos-7-x64",
                            "ipv4_address": "159.65.82.62",
                            "ipv4_address_private": "10.131.81.52",
                            "locked": "false",
                            "name": "node1",
                            "price_hourly": "0.01488",
                            "price_monthly": "10",
                            "private_networking": "true",
                            "region": "lon1",
                            "resize_disk": "true",
                            "size": "1gb",
                            "ssh_keys.#": "1",
                            "ssh_keys.0": "20167863",
                            "status": "active",
                            "tags.#": "1",
                            "tags.0": "consul",
                            "vcpus": "1"
                        },
                        "meta": {},
                        "tainted": false
                    },
                    "deposed": [],
                    "provider": "provider.digitalocean"
                },
                "digitalocean_droplet.node2": {
                    "type": "digitalocean_droplet",
                    "depends_on": [
                        "digitalocean_tag.consul"
                    ],
                    "primary": {
                        "id": "100853343",
                        "attributes": {
                            "disk": "30",
                            "id": "100853343",
                            "image": "centos-7-x64",
                            "ipv4_address": "178.128.160.245",
                            "ipv4_address_private": "10.131.81.61",
                            "locked": "false",
                            "name": "node2",
                            "price_hourly": "0.01488",
                            "price_monthly": "10",
                            "private_networking": "true",
                            "region": "lon1",
                            "resize_disk": "true",
                            "size": "1gb",
                            "ssh_keys.#": "1",
                            "ssh_keys.0": "20167863",
                            "status": "active",
                            "tags.#": "1",
                            "tags.0": "consul",
                            "vcpus": "1"
                        },
                        "meta": {},
                        "tainted": false
                    },
                    "deposed": [],
                    "provider": "provider.digitalocean"
                },
                "digitalocean_tag.consul": {
                    "type": "digitalocean_tag",
                    "depends_on": [],
                    "primary": {
                        "id": "consul",
                        "attributes": {
                            "id": "consul",
                            "name": "consul"
                        },
                        "meta": {},
                        "tainted": false
                    },
                    "deposed": [],
                    "provider": "provider.digitalocean"
                }
            },
            "depends_on": []
        }
    ]
}
